// !$*UTF8*$!
{
	archiveVersion = 1;
	classes = {
	};
	objectVersion = 46;
	objects = {

/* Begin PBXBuildFile section */
		291F40D81E88EB3800EB1989 /* AppDelegate.swift in Sources */ = {isa = PBXBuildFile; fileRef = 291F40D71E88EB3800EB1989 /* AppDelegate.swift */; };
		291F40DA1E88EB3800EB1989 /* ViewController.swift in Sources */ = {isa = PBXBuildFile; fileRef = 291F40D91E88EB3800EB1989 /* ViewController.swift */; };
		291F40DD1E88EB3800EB1989 /* Main.storyboard in Resources */ = {isa = PBXBuildFile; fileRef = 291F40DB1E88EB3800EB1989 /* Main.storyboard */; };
		291F40DF1E88EB3800EB1989 /* Assets.xcassets in Resources */ = {isa = PBXBuildFile; fileRef = 291F40DE1E88EB3800EB1989 /* Assets.xcassets */; };
		291F40E21E88EB3800EB1989 /* LaunchScreen.storyboard in Resources */ = {isa = PBXBuildFile; fileRef = 291F40E01E88EB3800EB1989 /* LaunchScreen.storyboard */; };
/* End PBXBuildFile section */

/* Begin PBXFileReference section */
		291F40D41E88EB3800EB1989 /* FileIO.app */ = {isa = PBXFileReference; explicitFileType = wrapper.application; includeInIndex = 0; path = FileIO.app; sourceTree = BUILT_PRODUCTS_DIR; };
		291F40D71E88EB3800EB1989 /* AppDelegate.swift */ = {isa = PBXFileReference; lastKnownFileType = sourcecode.swift; path = AppDelegate.swift; sourceTree = "<group>"; };
		291F40D91E88EB3800EB1989 /* ViewController.swift */ = {isa = PBXFileReference; lastKnownFileType = sourcecode.swift; path = ViewController.swift; sourceTree = "<group>"; };
		291F40DC1E88EB3800EB1989 /* Base */ = {isa = PBXFileReference; lastKnownFileType = file.storyboard; name = Base; path = Base.lproj/Main.storyboard; sourceTree = "<group>"; };
		291F40DE1E88EB3800EB1989 /* Assets.xcassets */ = {isa = PBXFileReference; lastKnownFileType = folder.assetcatalog; path = Assets.xcassets; sourceTree = "<group>"; };
		291F40E11E88EB3800EB1989 /* Base */ = {isa = PBXFileReference; lastKnownFileType = file.storyboard; name = Base; path = Base.lproj/LaunchScreen.storyboard; sourceTree = "<group>"; };
		291F40E31E88EB3800EB1989 /* Info.plist */ = {isa = PBXFileReference; lastKnownFileType = text.plist.xml; path = Info.plist; sourceTree = "<group>"; };
/* End PBXFileReference section */

/* Begin PBXFrameworksBuildPhase section */
		291F40D11E88EB3800EB1989 /* Frameworks */ = {
			isa = PBXFrameworksBuildPhase;
			buildActionMask = 2147483647;
			files = (
			);
			runOnlyForDeploymentPostprocessing = 0;
		};
/* End PBXFrameworksBuildPhase section */

/* Begin PBXGroup section */
		291F40CB1E88EB3800EB1989 = {
			isa = PBXGroup;
			children = (
				291F40D61E88EB3800EB1989 /* FileIO */,
				291F40D51E88EB3800EB1989 /* Products */,
			);
			sourceTree = "<group>";
		};
		291F40D51E88EB3800EB1989 /* Products */ = {
			isa = PBXGroup;
			children = (
				291F40D41E88EB3800EB1989 /* FileIO.app */,
			);
			name = Products;
			sourceTree = "<group>";
		};
		291F40D61E88EB3800EB1989 /* FileIO */ = {
			isa = PBXGroup;
			children = (
				291F40D71E88EB3800EB1989 /* AppDelegate.swift */,
				291F40D91E88EB3800EB1989 /* ViewController.swift */,
				291F40DB1E88EB3800EB1989 /* Main.storyboard */,
				291F40DE1E88EB3800EB1989 /* Assets.xcassets */,
				291F40E01E88EB3800EB1989 /* LaunchScreen.storyboard */,
				291F40E31E88EB3800EB1989 /* Info.plist */,
			);
			path = FileIO;
			sourceTree = "<group>";
		};
/* End PBXGroup section */

/* Begin PBXNativeTarget section */
		291F40D31E88EB3800EB1989 /* FileIO */ = {
			isa = PBXNativeTarget;
			buildConfigurationList = 291F40E61E88EB3800EB1989 /* Build configuration list for PBXNativeTarget "FileIO" */;
			buildPhases = (
				291F40D01E88EB3800EB1989 /* Sources */,
				291F40D11E88EB3800EB1989 /* Frameworks */,
				291F40D21E88EB3800EB1989 /* Resources */,
			);
			buildRules = (
			);
			dependencies = (
			);
			name = FileIO;
			productName = FileIO;
			productReference = 291F40D41E88EB3800EB1989 /* FileIO.app */;
			productType = "com.apple.product-type.application";
		};
/* End PBXNativeTarget section */

/* Begin PBXProject section */
		291F40CC1E88EB3800EB1989 /* Project object */ = {
			isa = PBXProject;
			attributes = {
				LastSwiftUpdateCheck = 0820;
				LastUpgradeCheck = 0820;
				ORGANIZATIONNAME = "田中賢治";
				TargetAttributes = {
					291F40D31E88EB3800EB1989 = {
						CreatedOnToolsVersion = 8.2.1;
						ProvisioningStyle = Automatic;
					};
				};
			};
			buildConfigurationList = 291F40CF1E88EB3800EB1989 /* Build configuration list for PBXProject "FileIO" */;
			compatibilityVersion = "Xcode 3.2";
			developmentRegion = English;
			hasScannedForEncodings = 0;
			knownRegions = (
				en,
				Base,
			);
			mainGroup = 291F40CB1E88EB3800EB1989;
			productRefGroup = 291F40D51E88EB3800EB1989 /* Products */;
			projectDirPath = "";
			projectRoot = "";
			targets = (
				291F40D31E88EB3800EB1989 /* FileIO */,
			);
		};
/* End PBXProject section */

/* Begin PBXResourcesBuildPhase section */
		291F40D21E88EB3800EB1989 /* Resources */ = {
			isa = PBXResourcesBuildPhase;
			buildActionMask = 2147483647;
			files = (
				291F40E21E88EB3800EB1989 /* LaunchScreen.storyboard in Resources */,
				291F40DF1E88EB3800EB1989 /* Assets.xcassets in Resources */,
				291F40DD1E88EB3800EB1989 /* Main.storyboard in Resources */,
			);
			runOnlyForDeploymentPostprocessing = 0;
		};
/* End PBXResourcesBuildPhase section */

/* Begin PBXSourcesBuildPhase section */
		291F40D01E88EB3800EB1989 /* Sources */ = {
			isa = PBXSourcesBuildPhase;
			buildActionMask = 2147483647;
			files = (
				291F40DA1E88EB3800EB1989 /* ViewController.swift in Sources */,
				291F40D81E88EB3800EB1989 /* AppDelegate.swift in Sources */,
			);
			runOnlyForDeploymentPostprocessing = 0;
		};
/* End PBXSourcesBuildPhase section */

/* Begin PBXVariantGroup section */
		291F40DB1E88EB3800EB1989 /* Main.storyboard */ = {
			isa = PBXVariantGroup;
			children = (
				291F40DC1E88EB3800EB1989 /* Base */,
			);
			name = Main.storyboard;
			sourceTree = "<group>";
		};
		291F40E01E88EB3800EB1989 /* LaunchScreen.storyboard */ = {
			isa = PBXVariantGroup;
			children = (
				291F40E11E88EB3800EB1989 /* Base */,
			);
			name = LaunchScreen.storyboard;
			sourceTree = "<group>";
		};
/* End PBXVariantGroup section */

/* Begin XCBuildConfiguration section */
		291F40E41E88EB3800EB1989 /* Debug */ = {
			isa = XCBuildConfiguration;
			buildSettings = {
				ALWAYS_SEARCH_USER_PATHS = NO;
				CLANG_ANALYZER_NONNULL = YES;
				CLANG_CXX_LANGUAGE_STANDARD = "gnu++0x";
				CLANG_CXX_LIBRARY = "libc++";
				CLANG_ENABLE_MODULES = YES;
				CLANG_ENABLE_OBJC_ARC = YES;
				CLANG_WARN_BOOL_CONVERSION = YES;
				CLANG_WARN_CONSTANT_CONVERSION = YES;
				CLANG_WARN_DIRECT_OBJC_ISA_USAGE = YES_ERROR;
				CLANG_WARN_DOCUMENTATION_COMMENTS = YES;
				CLANG_WARN_EMPTY_BODY = YES;
				CLANG_WARN_ENUM_CONVERSION = YES;
				CLANG_WARN_INFINITE_RECURSION = YES;
				CLANG_WARN_INT_CONVERSION = YES;
				CLANG_WARN_OBJC_ROOT_CLASS = YES_ERROR;
				CLANG_WARN_SUSPICIOUS_MOVE = YES;
				CLANG_WARN_UNREACHABLE_CODE = YES;
				CLANG_WARN__DUPLICATE_METHOD_MATCH = YES;
				"CODE_SIGN_IDENTITY[sdk=iphoneos*]" = "iPhone Developer";
				COPY_PHASE_STRIP = NO;
				DEBUG_INFORMATION_FORMAT = dwarf;
				ENABLE_STRICT_OBJC_MSGSEND = YES;
				ENABLE_TESTABILITY = YES;
				GCC_C_LANGUAGE_STANDARD = gnu99;
				GCC_DYNAMIC_NO_PIC = NO;
				GCC_NO_COMMON_BLOCKS = YES;
				GCC_OPTIMIZATION_LEVEL = 0;
				GCC_PREPROCESSOR_DEFINITIONS = (
					"DEBUG=1",
					"$(inherited)",
				);
				GCC_WARN_64_TO_32_BIT_CONVERSION = YES;
				GCC_WARN_ABOUT_RETURN_TYPE = YES_ERROR;
				GCC_WARN_UNDECLARED_SELECTOR = YES;
				GCC_WARN_UNINITIALIZED_AUTOS = YES_AGGRESSIVE;
				GCC_WARN_UNUSED_FUNCTION = YES;
				GCC_WARN_UNUSED_VARIABLE = YES;
				IPHONEOS_DEPLOYMENT_TARGET = 10.2;
				MTL_ENABLE_DEBUG_INFO = YES;
				ONLY_ACTIVE_ARCH = YES;
				SDKROOT = iphoneos;
				SWIFT_ACTIVE_COMPILATION_CONDITIONS = DEBUG;
				SWIFT_OPTIMIZATION_LEVEL = "-Onone";
			};
			name = Debug;
		};
		291F40E51E88EB3800EB1989 /* Release */ = {
			isa = XCBuildConfiguration;
			buildSettings = {
				ALWAYS_SEARCH_USER_PATHS = NO;
				CLANG_ANALYZER_NONNULL = YES;
				CLANG_CXX_LANGUAGE_STANDARD = "gnu++0x";
				CLANG_CXX_LIBRARY = "libc++";
				CLANG_ENABLE_MODULES = YES;
				CLANG_ENABLE_OBJC_ARC = YES;
				CLANG_WARN_BOOL_CONVERSION = YES;
				CLANG_WARN_CONSTANT_CONVERSION = YES;
				CLANG_WARN_DIRECT_OBJC_ISA_USAGE = YES_ERROR;
				CLANG_WARN_DOCUMENTATION_COMMENTS = YES;
				CLANG_WARN_EMPTY_BODY = YES;
				CLANG_WARN_ENUM_CONVERSION = YES;
				CLANG_WARN_INFINITE_RECURSION = YES;
				CLANG_WARN_INT_CONVERSION = YES;
				CLANG_WARN_OBJC_ROOT_CLASS = YES_ERROR;
				CLANG_WARN_SUSPICIOUS_MOVE = YES;
				CLANG_WARN_UNREACHABLE_CODE = YES;
				CLANG_WARN__DUPLICATE_METHOD_MATCH = YES;
				"CODE_SIGN_IDENTITY[sdk=iphoneos*]" = "iPhone Developer";
				COPY_PHASE_STRIP = NO;
				DEBUG_INFORMATION_FORMAT = "dwarf-with-dsym";
				ENABLE_NS_ASSERTIONS = NO;
				ENABLE_STRICT_OBJC_MSGSEND = YES;
				GCC_C_LANGUAGE_STANDARD = gnu99;
				GCC_NO_COMMON_BLOCKS = YES;
				GCC_WARN_64_TO_32_BIT_CONVERSION = YES;
				GCC_WARN_ABOUT_RETURN_TYPE = YES_ERROR;
				GCC_WARN_UNDECLARED_SELECTOR = YES;
				GCC_WARN_UNINITIALIZED_AUTOS = YES_AGGRESSIVE;
				GCC_WARN_UNUSED_FUNCTION = YES;
				GCC_WARN_UNUSED_VARIABLE = YES;
				IPHONEOS_DEPLOYMENT_TARGET = 10.2;
				MTL_ENABLE_DEBUG_INFO = NO;
				SDKROOT = iphoneos;
				SWIFT_OPTIMIZATION_LEVEL = "-Owholemodule";
				VALIDATE_PRODUCT = YES;
			};
			name = Release;
		};
		291F40E71E88EB3800EB1989 /* Debug */ = {
			isa = XCBuildConfiguration;
			buildSettings = {
				ASSETCATALOG_COMPILER_APPICON_NAME = AppIcon;
				INFOPLIST_FILE = FileIO/Info.plist;
				LD_RUNPATH_SEARCH_PATHS = "$(inherited) @executable_path/Frameworks";
				PRODUCT_BUNDLE_IDENTIFIER = com.ktanaka117.FileIO;
				PRODUCT_NAME = "$(TARGET_NAME)";
				SWIFT_VERSION = 3.0;
			};
			name = Debug;
		};
		291F40E81E88EB3800EB1989 /* Release */ = {
			isa = XCBuildConfiguration;
			buildSettings = {
				ASSETCATALOG_COMPILER_APPICON_NAME = AppIcon;
				INFOPLIST_FILE = FileIO/Info.plist;
				LD_RUNPATH_SEARCH_PATHS = "$(inherited) @executable_path/Frameworks";
				PRODUCT_BUNDLE_IDENTIFIER = com.ktanaka117.FileIO;
				PRODUCT_NAME = "$(TARGET_NAME)";
				SWIFT_VERSION = 3.0;
			};
			name = Release;
		};
/* End XCBuildConfiguration section */

/* Begin XCConfigurationList section */
		291F40CF1E88EB3800EB1989 /* Build configuration list for PBXProject "FileIO" */ = {
			isa = XCConfigurationList;
			buildConfigurations = (
				291F40E41E88EB3800EB1989 /* Debug */,
				291F40E51E88EB3800EB1989 /* Release */,
			);
			defaultConfigurationIsVisible = 0;
			defaultConfigurationName = Release;
		};
		291F40E61E88EB3800EB1989 /* Build configuration list for PBXNativeTarget "FileIO" */ = {
			isa = XCConfigurationList;
			buildConfigurations = (
				291F40E71E88EB3800EB1989 /* Debug */,
				291F40E81E88EB3800EB1989 /* Release */,
			);
			defaultConfigurationIsVisible = 0;
		};
/* End XCConfigurationList section */
	};
	rootObject = 291F40CC1E88EB3800EB1989 /* Project object */;
}
